
Microsoft Visual Studio Solution File, Format Version 12.00
# Visual Studio Version 16
VisualStudioVersion = 16.0.29806.167
MinimumVisualStudioVersion = 10.0.40219.1
Project("{8BC9CEB8-8B4A-11D0-8D11-00A0C91BC942}") = "week1task1", "week1task1\week1task1.vcxproj", "{BD34F215-2827-45A6-B4A6-EF2F6AE25B8B}"
EndProject
Global
	GlobalSection(SolutionConfigurationPlatforms) = preSolution
		Debug|x64 = Debug|x64
		Debug|x86 = Debug|x86
		Release|x64 = Release|x64
		Release|x86 = Release|x86
	EndGlobalSection
	GlobalSection(ProjectConfigurationPlatforms) = postSolution
		{BD34F215-2827-45A6-B4A6-EF2F6AE25B8B}.Debug|x64.ActiveCfg = Debug|x64
		{BD34F215-2827-45A6-B4A6-EF2F6AE25B8B}.Debug|x64.Build.0 = Debug|x64
		{BD34F215-2827-45A6-B4A6-EF2F6AE25B8B}.Debug|x86.ActiveCfg = Debug|Win32
		{BD34F215-2827-45A6-B4A6-EF2F6AE25B8B}.Debug|x86.Build.0 = Debug|Win32
		{BD34F215-2827-45A6-B4A6-EF2F6AE25B8B}.Release|x64.ActiveCfg = Release|x64
		{BD34F215-2827-45A6-B4A6-EF2F6AE25B8B}.Release|x64.Build.0 = Release|x64
		{BD34F215-2827-45A6-B4A6-EF2F6AE25B8B}.Release|x86.ActiveCfg = Release|Win32
		{BD34F215-2827-45A6-B4A6-EF2F6AE25B8B}.Release|x86.Build.0 = Release|Win32
	EndGlobalSection
	GlobalSection(SolutionProperties) = preSolution
		HideSolutionNode = FALSE
	EndGlobalSection
	GlobalSection(ExtensibilityGlobals) = postSolution
		SolutionGuid = {5843486C-9C74-49A7-85DE-3F6B40ED0D75}
	EndGlobalSection
EndGlobal
